// !$*UTF8*$!
{
	archiveVersion = 1;
	classes = {
	};
	objectVersion = 46;
	objects = {

/* Begin PBXBuildFile section */
		0C5CBCF811BD52BA00448ADD /* SFTabViewAppDelegate.m in Sources */ = {isa = PBXBuildFile; fileRef = 0C5CBCF511BD52BA00448ADD /* SFTabViewAppDelegate.m */; };
		0C5CBD0111BD534200448ADD /* MainMenu.xib in Resources */ = {isa = PBXBuildFile; fileRef = 0C5CBCFD11BD534200448ADD /* MainMenu.xib */; };
		8714FE7D19A5422000C5D6AC /* QuartzCore.framework in Frameworks */ = {isa = PBXBuildFile; fileRef = 8714FE7C19A5422000C5D6AC /* QuartzCore.framework */; };
		8714FE8419A542C200C5D6AC /* InfoPlist.strings in Resources */ = {isa = PBXBuildFile; fileRef = 8714FE8219A542C200C5D6AC /* InfoPlist.strings */; };
		8714FE8C19A543A000C5D6AC /* SFDefaultTab.m in Sources */ = {isa = PBXBuildFile; fileRef = 8714FE8919A543A000C5D6AC /* SFDefaultTab.m */; };
		8714FE8D19A543A000C5D6AC /* SFTabView.m in Sources */ = {isa = PBXBuildFile; fileRef = 8714FE8B19A543A000C5D6AC /* SFTabView.m */; };
		8714FE9219A548CA00C5D6AC /* Images.xcassets in Resources */ = {isa = PBXBuildFile; fileRef = 8714FE9119A548CA00C5D6AC /* Images.xcassets */; };
		8714FEAF19A5753400C5D6AC /* activeTab.png in Resources */ = {isa = PBXBuildFile; fileRef = 8714FEAA19A5753400C5D6AC /* activeTab.png */; };
		8714FEB019A5753400C5D6AC /* inactiveTab.png in Resources */ = {isa = PBXBuildFile; fileRef = 8714FEAB19A5753400C5D6AC /* inactiveTab.png */; };
		8714FEB219A5753400C5D6AC /* tabClose.png in Resources */ = {isa = PBXBuildFile; fileRef = 8714FEAD19A5753400C5D6AC /* tabClose.png */; };
		8714FEB319A5753400C5D6AC /* tabClose@2x.png in Resources */ = {isa = PBXBuildFile; fileRef = 8714FEAE19A5753400C5D6AC /* tabClose@2x.png */; };
		87E9B0B719A60EF8007E2079 /* activeTab@2x.png in Resources */ = {isa = PBXBuildFile; fileRef = 87E9B0B519A60EF8007E2079 /* activeTab@2x.png */; };
		87E9B0B819A60EF8007E2079 /* inactiveTab@2x.png in Resources */ = {isa = PBXBuildFile; fileRef = 87E9B0B619A60EF8007E2079 /* inactiveTab@2x.png */; };
		8D11072D0486CEB800E47090 /* main.m in Sources */ = {isa = PBXBuildFile; fileRef = 29B97316FDCFA39411CA2CEA /* main.m */; settings = {ATTRIBUTES = (); }; };
		8D11072F0486CEB800E47090 /* Cocoa.framework in Frameworks */ = {isa = PBXBuildFile; fileRef = 1058C7A1FEA54F0111CA2CBB /* Cocoa.framework */; };
/* End PBXBuildFile section */

/* Begin PBXFileReference section */
		0C5CBCF411BD52BA00448ADD /* SFTabViewAppDelegate.h */ = {isa = PBXFileReference; fileEncoding = 4; lastKnownFileType = sourcecode.c.h; name = SFTabViewAppDelegate.h; path = Classes/SFTabViewAppDelegate.h; sourceTree = "<group>"; };
		0C5CBCF511BD52BA00448ADD /* SFTabViewAppDelegate.m */ = {isa = PBXFileReference; fileEncoding = 4; lastKnownFileType = sourcecode.c.objc; name = SFTabViewAppDelegate.m; path = Classes/SFTabViewAppDelegate.m; sourceTree = "<group>"; };
		0C5CBCFD11BD534200448ADD /* MainMenu.xib */ = {isa = PBXFileReference; lastKnownFileType = file.xib; name = MainMenu.xib; path = Resources/MainMenu.xib; sourceTree = "<group>"; };
		1058C7A1FEA54F0111CA2CBB /* Cocoa.framework */ = {isa = PBXFileReference; lastKnownFileType = wrapper.framework; name = Cocoa.framework; path = /System/Library/Frameworks/Cocoa.framework; sourceTree = "<absolute>"; };
		13E42FB307B3F0F600E4EEF1 /* CoreData.framework */ = {isa = PBXFileReference; lastKnownFileType = wrapper.framework; name = CoreData.framework; path = /System/Library/Frameworks/CoreData.framework; sourceTree = "<absolute>"; };
		256AC3F00F4B6AF500CF3369 /* SFTabView_Prefix.pch */ = {isa = PBXFileReference; fileEncoding = 4; lastKnownFileType = sourcecode.c.h; path = SFTabView_Prefix.pch; sourceTree = "<group>"; };
		29B97316FDCFA39411CA2CEA /* main.m */ = {isa = PBXFileReference; fileEncoding = 4; lastKnownFileType = sourcecode.c.objc; path = main.m; sourceTree = "<group>"; };
		29B97324FDCFA39411CA2CEA /* AppKit.framework */ = {isa = PBXFileReference; lastKnownFileType = wrapper.framework; name = AppKit.framework; path = /System/Library/Frameworks/AppKit.framework; sourceTree = "<absolute>"; };
		29B97325FDCFA39411CA2CEA /* Foundation.framework */ = {isa = PBXFileReference; lastKnownFileType = wrapper.framework; name = Foundation.framework; path = /System/Library/Frameworks/Foundation.framework; sourceTree = "<absolute>"; };
		8714FE7C19A5422000C5D6AC /* QuartzCore.framework */ = {isa = PBXFileReference; lastKnownFileType = wrapper.framework; name = QuartzCore.framework; path = Platforms/MacOSX.platform/Developer/SDKs/MacOSX10.9.sdk/System/Library/Frameworks/QuartzCore.framework; sourceTree = DEVELOPER_DIR; };
		8714FE8319A542C200C5D6AC /* English */ = {isa = PBXFileReference; lastKnownFileType = text.plist.strings; name = English; path = English.lproj/InfoPlist.strings; sourceTree = "<group>"; };
		8714FE8819A543A000C5D6AC /* SFDefaultTab.h */ = {isa = PBXFileReference; fileEncoding = 4; lastKnownFileType = sourcecode.c.h; path = SFDefaultTab.h; sourceTree = "<group>"; };
		8714FE8919A543A000C5D6AC /* SFDefaultTab.m */ = {isa = PBXFileReference; fileEncoding = 4; lastKnownFileType = sourcecode.c.objc; path = SFDefaultTab.m; sourceTree = "<group>"; };
		8714FE8A19A543A000C5D6AC /* SFTabView.h */ = {isa = PBXFileReference; fileEncoding = 4; lastKnownFileType = sourcecode.c.h; path = SFTabView.h; sourceTree = "<group>"; };
		8714FE8B19A543A000C5D6AC /* SFTabView.m */ = {isa = PBXFileReference; fileEncoding = 4; lastKnownFileType = sourcecode.c.objc; path = SFTabView.m; sourceTree = "<group>"; };
		8714FE9119A548CA00C5D6AC /* Images.xcassets */ = {isa = PBXFileReference; lastKnownFileType = folder.assetcatalog; name = Images.xcassets; path = Resources/Images.xcassets; sourceTree = "<group>"; };
		8714FEAA19A5753400C5D6AC /* activeTab.png */ = {isa = PBXFileReference; lastKnownFileType = image.png; path = activeTab.png; sourceTree = "<group>"; };
		8714FEAB19A5753400C5D6AC /* inactiveTab.png */ = {isa = PBXFileReference; lastKnownFileType = image.png; path = inactiveTab.png; sourceTree = "<group>"; };
		8714FEAD19A5753400C5D6AC /* tabClose.png */ = {isa = PBXFileReference; lastKnownFileType = image.png; path = tabClose.png; sourceTree = "<group>"; };
		8714FEAE19A5753400C5D6AC /* tabClose@2x.png */ = {isa = PBXFileReference; lastKnownFileType = image.png; path = "tabClose@2x.png"; sourceTree = "<group>"; };
		87E9B0B519A60EF8007E2079 /* activeTab@2x.png */ = {isa = PBXFileReference; lastKnownFileType = image.png; path = "activeTab@2x.png"; sourceTree = "<group>"; };
		87E9B0B619A60EF8007E2079 /* inactiveTab@2x.png */ = {isa = PBXFileReference; lastKnownFileType = image.png; path = "inactiveTab@2x.png"; sourceTree = "<group>"; };
		8D1107310486CEB800E47090 /* SFTabView-Info.plist */ = {isa = PBXFileReference; fileEncoding = 4; lastKnownFileType = text.plist.xml; path = "SFTabView-Info.plist"; sourceTree = "<group>"; };
		8D1107320486CEB800E47090 /* SFTabView.app */ = {isa = PBXFileReference; explicitFileType = wrapper.application; includeInIndex = 0; path = SFTabView.app; sourceTree = BUILT_PRODUCTS_DIR; };
/* End PBXFileReference section */

/* Begin PBXFrameworksBuildPhase section */
		8D11072E0486CEB800E47090 /* Frameworks */ = {
			isa = PBXFrameworksBuildPhase;
			buildActionMask = 2147483647;
			files = (
				8714FE7D19A5422000C5D6AC /* QuartzCore.framework in Frameworks */,
				8D11072F0486CEB800E47090 /* Cocoa.framework in Frameworks */,
			);
			runOnlyForDeploymentPostprocessing = 0;
		};
/* End PBXFrameworksBuildPhase section */

/* Begin PBXGroup section */
		080E96DDFE201D6D7F000001 /* Classes */ = {
			isa = PBXGroup;
			children = (
				0C5CBCF411BD52BA00448ADD /* SFTabViewAppDelegate.h */,
				0C5CBCF511BD52BA00448ADD /* SFTabViewAppDelegate.m */,
			);
			name = Classes;
			sourceTree = "<group>";
		};
		1058C7A2FEA54F0111CA2CBB /* Other Frameworks */ = {
			isa = PBXGroup;
			children = (
				29B97324FDCFA39411CA2CEA /* AppKit.framework */,
				13E42FB307B3F0F600E4EEF1 /* CoreData.framework */,
				29B97325FDCFA39411CA2CEA /* Foundation.framework */,
			);
			name = "Other Frameworks";
			sourceTree = "<group>";
		};
		19C28FACFE9D520D11CA2CBB /* Products */ = {
			isa = PBXGroup;
			children = (
				8D1107320486CEB800E47090 /* SFTabView.app */,
			);
			name = Products;
			sourceTree = "<group>";
		};
		29B97314FDCFA39411CA2CEA /* SFTabView */ = {
			isa = PBXGroup;
			children = (
				8714FE8E19A543C200C5D6AC /* SFTabView */,
				29B97323FDCFA39411CA2CEA /* Frameworks */,
				19C28FACFE9D520D11CA2CBB /* Products */,
			);
			name = SFTabView;
			sourceTree = "<group>";
		};
		29B97315FDCFA39411CA2CEA /* Supporting Files */ = {
			isa = PBXGroup;
			children = (
				8714FE8219A542C200C5D6AC /* InfoPlist.strings */,
				8D1107310486CEB800E47090 /* SFTabView-Info.plist */,
				256AC3F00F4B6AF500CF3369 /* SFTabView_Prefix.pch */,
				29B97316FDCFA39411CA2CEA /* main.m */,
			);
			name = "Supporting Files";
			path = SupportingFiles;
			sourceTree = "<group>";
		};
		29B97317FDCFA39411CA2CEA /* Resources */ = {
			isa = PBXGroup;
			children = (
				8714FE9119A548CA00C5D6AC /* Images.xcassets */,
				0C5CBCFD11BD534200448ADD /* MainMenu.xib */,
			);
			name = Resources;
			sourceTree = "<group>";
		};
		29B97323FDCFA39411CA2CEA /* Frameworks */ = {
			isa = PBXGroup;
			children = (
				8714FE7C19A5422000C5D6AC /* QuartzCore.framework */,
				1058C7A1FEA54F0111CA2CBB /* Cocoa.framework */,
				1058C7A2FEA54F0111CA2CBB /* Other Frameworks */,
			);
			name = Frameworks;
			sourceTree = "<group>";
		};
		8714FE8719A543A000C5D6AC /* SFTabView */ = {
			isa = PBXGroup;
			children = (
				8714FEA919A5753400C5D6AC /* Images */,
				8714FE8819A543A000C5D6AC /* SFDefaultTab.h */,
				8714FE8919A543A000C5D6AC /* SFDefaultTab.m */,
				8714FE8A19A543A000C5D6AC /* SFTabView.h */,
				8714FE8B19A543A000C5D6AC /* SFTabView.m */,
			);
			path = SFTabView;
			sourceTree = "<group>";
		};
		8714FE8E19A543C200C5D6AC /* SFTabView */ = {
			isa = PBXGroup;
			children = (
				29B97315FDCFA39411CA2CEA /* Supporting Files */,
				8714FE8719A543A000C5D6AC /* SFTabView */,
				29B97317FDCFA39411CA2CEA /* Resources */,
				080E96DDFE201D6D7F000001 /* Classes */,
			);
			name = SFTabView;
			sourceTree = "<group>";
		};
		8714FEA919A5753400C5D6AC /* Images */ = {
			isa = PBXGroup;
			children = (
				8714FEAA19A5753400C5D6AC /* activeTab.png */,
				87E9B0B519A60EF8007E2079 /* activeTab@2x.png */,
				8714FEAB19A5753400C5D6AC /* inactiveTab.png */,
				87E9B0B619A60EF8007E2079 /* inactiveTab@2x.png */,
				8714FEAD19A5753400C5D6AC /* tabClose.png */,
				8714FEAE19A5753400C5D6AC /* tabClose@2x.png */,
			);
			path = Images;
			sourceTree = "<group>";
		};
/* End PBXGroup section */

/* Begin PBXNativeTarget section */
		8D1107260486CEB800E47090 /* SFTabView */ = {
			isa = PBXNativeTarget;
			buildConfigurationList = C01FCF4A08A954540054247B /* Build configuration list for PBXNativeTarget "SFTabView" */;
			buildPhases = (
				8D1107290486CEB800E47090 /* Resources */,
				8D11072C0486CEB800E47090 /* Sources */,
				8D11072E0486CEB800E47090 /* Frameworks */,
			);
			buildRules = (
			);
			dependencies = (
			);
			name = SFTabView;
			productInstallPath = "$(HOME)/Applications";
			productName = SFTabView;
			productReference = 8D1107320486CEB800E47090 /* SFTabView.app */;
			productType = "com.apple.product-type.application";
		};
/* End PBXNativeTarget section */

/* Begin PBXProject section */
		29B97313FDCFA39411CA2CEA /* Project object */ = {
			isa = PBXProject;
			attributes = {
				LastUpgradeCheck = 0510;
			};
			buildConfigurationList = C01FCF4E08A954540054247B /* Build configuration list for PBXProject "SFTabView" */;
			compatibilityVersion = "Xcode 3.2";
			developmentRegion = English;
			hasScannedForEncodings = 1;
			knownRegions = (
				en,
				English,
			);
			mainGroup = 29B97314FDCFA39411CA2CEA /* SFTabView */;
			projectDirPath = "";
			projectRoot = "";
			targets = (
				8D1107260486CEB800E47090 /* SFTabView */,
			);
		};
/* End PBXProject section */

/* Begin PBXResourcesBuildPhase section */
		8D1107290486CEB800E47090 /* Resources */ = {
			isa = PBXResourcesBuildPhase;
			buildActionMask = 2147483647;
			files = (
				8714FE9219A548CA00C5D6AC /* Images.xcassets in Resources */,
				8714FEB319A5753400C5D6AC /* tabClose@2x.png in Resources */,
				8714FEB019A5753400C5D6AC /* inactiveTab.png in Resources */,
				87E9B0B819A60EF8007E2079 /* inactiveTab@2x.png in Resources */,
				87E9B0B719A60EF8007E2079 /* activeTab@2x.png in Resources */,
				8714FE8419A542C200C5D6AC /* InfoPlist.strings in Resources */,
				8714FEB219A5753400C5D6AC /* tabClose.png in Resources */,
				0C5CBD0111BD534200448ADD /* MainMenu.xib in Resources */,
				8714FEAF19A5753400C5D6AC /* activeTab.png in Resources */,
			);
			runOnlyForDeploymentPostprocessing = 0;
		};
/* End PBXResourcesBuildPhase section */

/* Begin PBXSourcesBuildPhase section */
		8D11072C0486CEB800E47090 /* Sources */ = {
			isa = PBXSourcesBuildPhase;
			buildActionMask = 2147483647;
			files = (
				8714FE8C19A543A000C5D6AC /* SFDefaultTab.m in Sources */,
				8714FE8D19A543A000C5D6AC /* SFTabView.m in Sources */,
				8D11072D0486CEB800E47090 /* main.m in Sources */,
				0C5CBCF811BD52BA00448ADD /* SFTabViewAppDelegate.m in Sources */,
			);
			runOnlyForDeploymentPostprocessing = 0;
		};
/* End PBXSourcesBuildPhase section */

/* Begin PBXVariantGroup section */
		8714FE8219A542C200C5D6AC /* InfoPlist.strings */ = {
			isa = PBXVariantGroup;
			children = (
				8714FE8319A542C200C5D6AC /* English */,
			);
			name = InfoPlist.strings;
			sourceTree = "<group>";
		};
/* End PBXVariantGroup section */

/* Begin XCBuildConfiguration section */
		C01FCF4B08A954540054247B /* Debug */ = {
			isa = XCBuildConfiguration;
			buildSettings = {
				ALWAYS_SEARCH_USER_PATHS = NO;
				ASSETCATALOG_COMPILER_APPICON_NAME = AppIcon;
				CLANG_ENABLE_OBJC_ARC = YES;
				COMBINE_HIDPI_IMAGES = YES;
				COPY_PHASE_STRIP = NO;
				GCC_DYNAMIC_NO_PIC = NO;
				GCC_ENABLE_FIX_AND_CONTINUE = YES;
				GCC_MODEL_TUNING = G5;
				GCC_OPTIMIZATION_LEVEL = 0;
				GCC_PRECOMPILE_PREFIX_HEADER = YES;
				GCC_PREFIX_HEADER = SupportingFiles/SFTabView_Prefix.pch;
				INFOPLIST_FILE = "SupportingFiles/SFTabView-Info.plist";
				MACOSX_DEPLOYMENT_TARGET = 10.7;
				PRODUCT_NAME = SFTabView;
				SDKROOT = macosx;
			};
			name = Debug;
		};
		C01FCF4C08A954540054247B /* Release */ = {
			isa = XCBuildConfiguration;
			buildSettings = {
				ALWAYS_SEARCH_USER_PATHS = NO;
				ASSETCATALOG_COMPILER_APPICON_NAME = AppIcon;
				CLANG_ENABLE_OBJC_ARC = YES;
				COMBINE_HIDPI_IMAGES = YES;
				DEBUG_INFORMATION_FORMAT = "dwarf-with-dsym";
				GCC_MODEL_TUNING = G5;
				GCC_PRECOMPILE_PREFIX_HEADER = YES;
				GCC_PREFIX_HEADER = SupportingFiles/SFTabView_Prefix.pch;
				INFOPLIST_FILE = "SupportingFiles/SFTabView-Info.plist";
				MACOSX_DEPLOYMENT_TARGET = 10.7;
				PRODUCT_NAME = SFTabView;
				SDKROOT = macosx;
			};
			name = Release;
		};
		C01FCF4F08A954540054247B /* Debug */ = {
			isa = XCBuildConfiguration;
			buildSettings = {
				GCC_C_LANGUAGE_STANDARD = gnu99;
				GCC_OPTIMIZATION_LEVEL = 0;
				GCC_WARN_ABOUT_RETURN_TYPE = YES;
				GCC_WARN_UNUSED_VARIABLE = YES;
				ONLY_ACTIVE_ARCH = YES;
				PREBINDING = NO;
				SDKROOT = macosx;
			};
			name = Debug;
		};
		C01FCF5008A954540054247B /* Release */ = {
			isa = XCBuildConfiguration;
			buildSettings = {
				GCC_C_LANGUAGE_STANDARD = gnu99;
				GCC_WARN_ABOUT_RETURN_TYPE = YES;
				GCC_WARN_UNUSED_VARIABLE = YES;
				PREBINDING = NO;
				SDKROOT = macosx;
			};
			name = Release;
		};
/* End XCBuildConfiguration section */

/* Begin XCConfigurationList section */
		C01FCF4A08A954540054247B /* Build configuration list for PBXNativeTarget "SFTabView" */ = {
			isa = XCConfigurationList;
			buildConfigurations = (
				C01FCF4B08A954540054247B /* Debug */,
				C01FCF4C08A954540054247B /* Release */,
			);
			defaultConfigurationIsVisible = 0;
			defaultConfigurationName = Release;
		};
		C01FCF4E08A954540054247B /* Build configuration list for PBXProject "SFTabView" */ = {
			isa = XCConfigurationList;
			buildConfigurations = (
				C01FCF4F08A954540054247B /* Debug */,
				C01FCF5008A954540054247B /* Release */,
			);
			defaultConfigurationIsVisible = 0;
			defaultConfigurationName = Release;
		};
/* End XCConfigurationList section */
	};
	rootObject = 29B97313FDCFA39411CA2CEA /* Project object */;
}
